
Microsoft Visual Studio Solution File, Format Version 12.00
# Visual Studio Version 16
VisualStudioVersion = 16.0.30204.135
MinimumVisualStudioVersion = 10.0.40219.1
Project("{FAE04EC0-301F-11D3-BF4B-00C04F79EFBC}") = "EntityFrameworkAssignment", "EntityFrameworkAssignment\EntityFrameworkAssignment.csproj", "{2F83F029-4638-4382-B41B-0BD241648D0C}"
EndProject
Global
	GlobalSection(SolutionConfigurationPlatforms) = preSolution
		Debug|Any CPU = Debug|Any CPU
		Release|Any CPU = Release|Any CPU
	EndGlobalSection
	GlobalSection(ProjectConfigurationPlatforms) = postSolution
		{2F83F029-4638-4382-B41B-0BD241648D0C}.Debug|Any CPU.ActiveCfg = Debug|Any CPU
		{2F83F029-4638-4382-B41B-0BD241648D0C}.Debug|Any CPU.Build.0 = Debug|Any CPU
		{2F83F029-4638-4382-B41B-0BD241648D0C}.Release|Any CPU.ActiveCfg = Release|Any CPU
		{2F83F029-4638-4382-B41B-0BD241648D0C}.Release|Any CPU.Build.0 = Release|Any CPU
	EndGlobalSection
	GlobalSection(SolutionProperties) = preSolution
		HideSolutionNode = FALSE
	EndGlobalSection
	GlobalSection(ExtensibilityGlobals) = postSolution
		SolutionGuid = {F2BDB511-63EE-466D-9B2E-D1620467DBE1}
	EndGlobalSection
EndGlobal
