
Microsoft Visual Studio Solution File, Format Version 12.00
# Visual Studio Version 16
VisualStudioVersion = 16.0.30204.135
MinimumVisualStudioVersion = 10.0.40219.1
Project("{FAE04EC0-301F-11D3-BF4B-00C04F79EFBC}") = "CopenhagenAirport", "CopenhagenAirport\CopenhagenAirport.csproj", "{FD0EF118-9018-4974-AD15-8AEB9FC3D7EB}"
EndProject
Global
	GlobalSection(SolutionConfigurationPlatforms) = preSolution
		Debug|Any CPU = Debug|Any CPU
		Release|Any CPU = Release|Any CPU
	EndGlobalSection
	GlobalSection(ProjectConfigurationPlatforms) = postSolution
		{FD0EF118-9018-4974-AD15-8AEB9FC3D7EB}.Debug|Any CPU.ActiveCfg = Debug|Any CPU
		{FD0EF118-9018-4974-AD15-8AEB9FC3D7EB}.Debug|Any CPU.Build.0 = Debug|Any CPU
		{FD0EF118-9018-4974-AD15-8AEB9FC3D7EB}.Release|Any CPU.ActiveCfg = Release|Any CPU
		{FD0EF118-9018-4974-AD15-8AEB9FC3D7EB}.Release|Any CPU.Build.0 = Release|Any CPU
	EndGlobalSection
	GlobalSection(SolutionProperties) = preSolution
		HideSolutionNode = FALSE
	EndGlobalSection
	GlobalSection(ExtensibilityGlobals) = postSolution
		SolutionGuid = {88E0DD72-0121-43F4-B248-AC74BFDFFEC5}
	EndGlobalSection
EndGlobal
